
Microsoft Visual Studio Solution File, Format Version 12.00
# Visual Studio Version 16
VisualStudioVersion = 16.0.29709.97
MinimumVisualStudioVersion = 10.0.40219.1
Project("{9A19103F-16F7-4668-BE54-9A1E7A4F7556}") = "View", "View\View.csproj", "{F925B2EB-6FC3-469D-9001-9DA0EAEB2F72}"
EndProject
Project("{9A19103F-16F7-4668-BE54-9A1E7A4F7556}") = "ViewModel", "ViewModel\ViewModel.csproj", "{60A56C96-DEE6-41F3-A186-2CC772924286}"
EndProject
Project("{9A19103F-16F7-4668-BE54-9A1E7A4F7556}") = "Model", "Model\Model.csproj", "{55EF0854-396A-45DB-AC0A-6BB225112ED6}"
EndProject
Project("{FAE04EC0-301F-11D3-BF4B-00C04F79EFBC}") = "XSLXManagement", "XSLXManagement\XSLXManagement.csproj", "{90D5428C-803C-47FA-9D96-5FB98117E5EE}"
EndProject
Project("{FAE04EC0-301F-11D3-BF4B-00C04F79EFBC}") = "FileManagement", "FileManagement\FileManagement.csproj", "{012638E7-5312-45B5-9490-97032F079A8D}"
EndProject
Global
	GlobalSection(SolutionConfigurationPlatforms) = preSolution
		Debug|Any CPU = Debug|Any CPU
		Release|Any CPU = Release|Any CPU
	EndGlobalSection
	GlobalSection(ProjectConfigurationPlatforms) = postSolution
		{F925B2EB-6FC3-469D-9001-9DA0EAEB2F72}.Debug|Any CPU.ActiveCfg = Debug|Any CPU
		{F925B2EB-6FC3-469D-9001-9DA0EAEB2F72}.Debug|Any CPU.Build.0 = Debug|Any CPU
		{F925B2EB-6FC3-469D-9001-9DA0EAEB2F72}.Release|Any CPU.ActiveCfg = Release|Any CPU
		{F925B2EB-6FC3-469D-9001-9DA0EAEB2F72}.Release|Any CPU.Build.0 = Release|Any CPU
		{60A56C96-DEE6-41F3-A186-2CC772924286}.Debug|Any CPU.ActiveCfg = Debug|Any CPU
		{60A56C96-DEE6-41F3-A186-2CC772924286}.Debug|Any CPU.Build.0 = Debug|Any CPU
		{60A56C96-DEE6-41F3-A186-2CC772924286}.Release|Any CPU.ActiveCfg = Release|Any CPU
		{60A56C96-DEE6-41F3-A186-2CC772924286}.Release|Any CPU.Build.0 = Release|Any CPU
		{55EF0854-396A-45DB-AC0A-6BB225112ED6}.Debug|Any CPU.ActiveCfg = Debug|Any CPU
		{55EF0854-396A-45DB-AC0A-6BB225112ED6}.Debug|Any CPU.Build.0 = Debug|Any CPU
		{55EF0854-396A-45DB-AC0A-6BB225112ED6}.Release|Any CPU.ActiveCfg = Release|Any CPU
		{55EF0854-396A-45DB-AC0A-6BB225112ED6}.Release|Any CPU.Build.0 = Release|Any CPU
		{90D5428C-803C-47FA-9D96-5FB98117E5EE}.Debug|Any CPU.ActiveCfg = Debug|Any CPU
		{90D5428C-803C-47FA-9D96-5FB98117E5EE}.Debug|Any CPU.Build.0 = Debug|Any CPU
		{90D5428C-803C-47FA-9D96-5FB98117E5EE}.Release|Any CPU.ActiveCfg = Release|Any CPU
		{90D5428C-803C-47FA-9D96-5FB98117E5EE}.Release|Any CPU.Build.0 = Release|Any CPU
		{012638E7-5312-45B5-9490-97032F079A8D}.Debug|Any CPU.ActiveCfg = Debug|Any CPU
		{012638E7-5312-45B5-9490-97032F079A8D}.Debug|Any CPU.Build.0 = Debug|Any CPU
		{012638E7-5312-45B5-9490-97032F079A8D}.Release|Any CPU.ActiveCfg = Release|Any CPU
		{012638E7-5312-45B5-9490-97032F079A8D}.Release|Any CPU.Build.0 = Release|Any CPU
	EndGlobalSection
	GlobalSection(SolutionProperties) = preSolution
		HideSolutionNode = FALSE
	EndGlobalSection
	GlobalSection(ExtensibilityGlobals) = postSolution
		SolutionGuid = {070D57F3-1855-4E82-A7F1-5413C2D431B4}
	EndGlobalSection
EndGlobal
